
Microsoft Visual Studio Solution File, Format Version 12.00
# Visual Studio Version 16
VisualStudioVersion = 16.0.31005.135
MinimumVisualStudioVersion = 10.0.40219.1
Project("{FAE04EC0-301F-11D3-BF4B-00C04F79EFBC}") = "App5.Android", "App5.Android\App5.Android.csproj", "{16B17B09-50E5-4424-9E9B-A4B900161EC2}"
EndProject
Project("{FAE04EC0-301F-11D3-BF4B-00C04F79EFBC}") = "App5", "App5\App5.csproj", "{F57C5348-7443-4FF2-B791-1325009FFF01}"
EndProject
Global
	GlobalSection(SolutionConfigurationPlatforms) = preSolution
		Debug|Any CPU = Debug|Any CPU
		Release|Any CPU = Release|Any CPU
	EndGlobalSection
	GlobalSection(ProjectConfigurationPlatforms) = postSolution
		{16B17B09-50E5-4424-9E9B-A4B900161EC2}.Debug|Any CPU.ActiveCfg = Debug|Any CPU
		{16B17B09-50E5-4424-9E9B-A4B900161EC2}.Debug|Any CPU.Build.0 = Debug|Any CPU
		{16B17B09-50E5-4424-9E9B-A4B900161EC2}.Debug|Any CPU.Deploy.0 = Debug|Any CPU
		{16B17B09-50E5-4424-9E9B-A4B900161EC2}.Release|Any CPU.ActiveCfg = Release|Any CPU
		{16B17B09-50E5-4424-9E9B-A4B900161EC2}.Release|Any CPU.Build.0 = Release|Any CPU
		{16B17B09-50E5-4424-9E9B-A4B900161EC2}.Release|Any CPU.Deploy.0 = Release|Any CPU
		{F57C5348-7443-4FF2-B791-1325009FFF01}.Debug|Any CPU.ActiveCfg = Debug|Any CPU
		{F57C5348-7443-4FF2-B791-1325009FFF01}.Debug|Any CPU.Build.0 = Debug|Any CPU
		{F57C5348-7443-4FF2-B791-1325009FFF01}.Debug|Any CPU.Deploy.0 = Debug|Any CPU
		{F57C5348-7443-4FF2-B791-1325009FFF01}.Release|Any CPU.ActiveCfg = Release|Any CPU
		{F57C5348-7443-4FF2-B791-1325009FFF01}.Release|Any CPU.Build.0 = Release|Any CPU
		{F57C5348-7443-4FF2-B791-1325009FFF01}.Release|Any CPU.Deploy.0 = Release|Any CPU
	EndGlobalSection
	GlobalSection(SolutionProperties) = preSolution
		HideSolutionNode = FALSE
	EndGlobalSection
	GlobalSection(ExtensibilityGlobals) = postSolution
		SolutionGuid = {D220889E-3707-4608-87F3-4CD84418DD01}
	EndGlobalSection
EndGlobal
